
Microsoft Visual Studio Solution File, Format Version 12.00
# Visual Studio Version 17
VisualStudioVersion = 17.6.33829.357
MinimumVisualStudioVersion = 10.0.40219.1
Project("{FAE04EC0-301F-11D3-BF4B-00C04F79EFBC}") = "Chaos_Game_fix", "Chaos_Game_fix\Chaos_Game_fix.csproj", "{76A0266A-F213-4840-B30A-52F56D654E11}"
EndProject
Global
	GlobalSection(SolutionConfigurationPlatforms) = preSolution
		Debug|Any CPU = Debug|Any CPU
		Release|Any CPU = Release|Any CPU
	EndGlobalSection
	GlobalSection(ProjectConfigurationPlatforms) = postSolution
		{76A0266A-F213-4840-B30A-52F56D654E11}.Debug|Any CPU.ActiveCfg = Debug|Any CPU
		{76A0266A-F213-4840-B30A-52F56D654E11}.Debug|Any CPU.Build.0 = Debug|Any CPU
		{76A0266A-F213-4840-B30A-52F56D654E11}.Release|Any CPU.ActiveCfg = Release|Any CPU
		{76A0266A-F213-4840-B30A-52F56D654E11}.Release|Any CPU.Build.0 = Release|Any CPU
	EndGlobalSection
	GlobalSection(SolutionProperties) = preSolution
		HideSolutionNode = FALSE
	EndGlobalSection
	GlobalSection(ExtensibilityGlobals) = postSolution
		SolutionGuid = {55DF5880-AD0C-42EA-9078-3A0C86891D84}
	EndGlobalSection
EndGlobal
